
Microsoft Visual Studio Solution File, Format Version 12.00
# Visual Studio Version 17
VisualStudioVersion = 17.10.34916.146
MinimumVisualStudioVersion = 10.0.40219.1
Project("{FAE04EC0-301F-11D3-BF4B-00C04F79EFBC}") = "BasicTree", "BasicTree\BasicTree.csproj", "{C96D887C-32C0-46B2-94A8-30C929A5426E}"
EndProject
Global
	GlobalSection(SolutionConfigurationPlatforms) = preSolution
		Debug|Any CPU = Debug|Any CPU
		Release|Any CPU = Release|Any CPU
	EndGlobalSection
	GlobalSection(ProjectConfigurationPlatforms) = postSolution
		{C96D887C-32C0-46B2-94A8-30C929A5426E}.Debug|Any CPU.ActiveCfg = Debug|Any CPU
		{C96D887C-32C0-46B2-94A8-30C929A5426E}.Debug|Any CPU.Build.0 = Debug|Any CPU
		{C96D887C-32C0-46B2-94A8-30C929A5426E}.Release|Any CPU.ActiveCfg = Release|Any CPU
		{C96D887C-32C0-46B2-94A8-30C929A5426E}.Release|Any CPU.Build.0 = Release|Any CPU
	EndGlobalSection
	GlobalSection(SolutionProperties) = preSolution
		HideSolutionNode = FALSE
	EndGlobalSection
	GlobalSection(ExtensibilityGlobals) = postSolution
		SolutionGuid = {36579DDE-16B3-4955-9CCE-87416E7C5078}
	EndGlobalSection
EndGlobal
